
Microsoft Visual Studio Solution File, Format Version 12.00
# Visual Studio 15
VisualStudioVersion = 15.0.28307.539
MinimumVisualStudioVersion = 10.0.40219.1
Project("{FAE04EC0-301F-11D3-BF4B-00C04F79EFBC}") = "SmallestNumbers", "SmallestNumbers\SmallestNumbers.csproj", "{7E9755E9-B439-4EE0-9DDB-27314432507F}"
EndProject
Global
	GlobalSection(SolutionConfigurationPlatforms) = preSolution
		Debug|Any CPU = Debug|Any CPU
		Release|Any CPU = Release|Any CPU
	EndGlobalSection
	GlobalSection(ProjectConfigurationPlatforms) = postSolution
		{7E9755E9-B439-4EE0-9DDB-27314432507F}.Debug|Any CPU.ActiveCfg = Debug|Any CPU
		{7E9755E9-B439-4EE0-9DDB-27314432507F}.Debug|Any CPU.Build.0 = Debug|Any CPU
		{7E9755E9-B439-4EE0-9DDB-27314432507F}.Release|Any CPU.ActiveCfg = Release|Any CPU
		{7E9755E9-B439-4EE0-9DDB-27314432507F}.Release|Any CPU.Build.0 = Release|Any CPU
	EndGlobalSection
	GlobalSection(SolutionProperties) = preSolution
		HideSolutionNode = FALSE
	EndGlobalSection
	GlobalSection(ExtensibilityGlobals) = postSolution
		SolutionGuid = {B27A96A8-54E7-48BD-BEA7-886A891CCE75}
	EndGlobalSection
EndGlobal
